// !$*UTF8*$!
{
	archiveVersion = 1;
	classes = {
	};
	objectVersion = 46;
	objects = {

/* Begin PBXBuildFile section */
		6E387A671EE00BE900C463D2 /* AppDelegate.swift in Sources */ = {isa = PBXBuildFile; fileRef = 6E387A661EE00BE900C463D2 /* AppDelegate.swift */; };
		6E387A691EE00BE900C463D2 /* ViewController.swift in Sources */ = {isa = PBXBuildFile; fileRef = 6E387A681EE00BE900C463D2 /* ViewController.swift */; };
		6E387A6C1EE00BE900C463D2 /* Main.storyboard in Resources */ = {isa = PBXBuildFile; fileRef = 6E387A6A1EE00BE900C463D2 /* Main.storyboard */; };
		6E387A6E1EE00BE900C463D2 /* Assets.xcassets in Resources */ = {isa = PBXBuildFile; fileRef = 6E387A6D1EE00BE900C463D2 /* Assets.xcassets */; };
		6E387A711EE00BE900C463D2 /* LaunchScreen.storyboard in Resources */ = {isa = PBXBuildFile; fileRef = 6E387A6F1EE00BE900C463D2 /* LaunchScreen.storyboard */; };
		6E387A7C1EE00BE900C463D2 /* NSUserDefaultExampleTests.swift in Sources */ = {isa = PBXBuildFile; fileRef = 6E387A7B1EE00BE900C463D2 /* NSUserDefaultExampleTests.swift */; };
		6E387A871EE00BE900C463D2 /* NSUserDefaultExampleUITests.swift in Sources */ = {isa = PBXBuildFile; fileRef = 6E387A861EE00BE900C463D2 /* NSUserDefaultExampleUITests.swift */; };
/* End PBXBuildFile section */

/* Begin PBXContainerItemProxy section */
		6E387A781EE00BE900C463D2 /* PBXContainerItemProxy */ = {
			isa = PBXContainerItemProxy;
			containerPortal = 6E387A5B1EE00BE900C463D2 /* Project object */;
			proxyType = 1;
			remoteGlobalIDString = 6E387A621EE00BE900C463D2;
			remoteInfo = NSUserDefaultExample;
		};
		6E387A831EE00BE900C463D2 /* PBXContainerItemProxy */ = {
			isa = PBXContainerItemProxy;
			containerPortal = 6E387A5B1EE00BE900C463D2 /* Project object */;
			proxyType = 1;
			remoteGlobalIDString = 6E387A621EE00BE900C463D2;
			remoteInfo = NSUserDefaultExample;
		};
/* End PBXContainerItemProxy section */

/* Begin PBXFileReference section */
		6E387A631EE00BE900C463D2 /* NSUserDefaultExample.app */ = {isa = PBXFileReference; explicitFileType = wrapper.application; includeInIndex = 0; path = NSUserDefaultExample.app; sourceTree = BUILT_PRODUCTS_DIR; };
		6E387A661EE00BE900C463D2 /* AppDelegate.swift */ = {isa = PBXFileReference; lastKnownFileType = sourcecode.swift; path = AppDelegate.swift; sourceTree = "<group>"; };
		6E387A681EE00BE900C463D2 /* ViewController.swift */ = {isa = PBXFileReference; lastKnownFileType = sourcecode.swift; path = ViewController.swift; sourceTree = "<group>"; };
		6E387A6B1EE00BE900C463D2 /* Base */ = {isa = PBXFileReference; lastKnownFileType = file.storyboard; name = Base; path = Base.lproj/Main.storyboard; sourceTree = "<group>"; };
		6E387A6D1EE00BE900C463D2 /* Assets.xcassets */ = {isa = PBXFileReference; lastKnownFileType = folder.assetcatalog; path = Assets.xcassets; sourceTree = "<group>"; };
		6E387A701EE00BE900C463D2 /* Base */ = {isa = PBXFileReference; lastKnownFileType = file.storyboard; name = Base; path = Base.lproj/LaunchScreen.storyboard; sourceTree = "<group>"; };
		6E387A721EE00BE900C463D2 /* Info.plist */ = {isa = PBXFileReference; lastKnownFileType = text.plist.xml; path = Info.plist; sourceTree = "<group>"; };
		6E387A771EE00BE900C463D2 /* NSUserDefaultExampleTests.xctest */ = {isa = PBXFileReference; explicitFileType = wrapper.cfbundle; includeInIndex = 0; path = NSUserDefaultExampleTests.xctest; sourceTree = BUILT_PRODUCTS_DIR; };
		6E387A7B1EE00BE900C463D2 /* NSUserDefaultExampleTests.swift */ = {isa = PBXFileReference; lastKnownFileType = sourcecode.swift; path = NSUserDefaultExampleTests.swift; sourceTree = "<group>"; };
		6E387A7D1EE00BE900C463D2 /* Info.plist */ = {isa = PBXFileReference; lastKnownFileType = text.plist.xml; path = Info.plist; sourceTree = "<group>"; };
		6E387A821EE00BE900C463D2 /* NSUserDefaultExampleUITests.xctest */ = {isa = PBXFileReference; explicitFileType = wrapper.cfbundle; includeInIndex = 0; path = NSUserDefaultExampleUITests.xctest; sourceTree = BUILT_PRODUCTS_DIR; };
		6E387A861EE00BE900C463D2 /* NSUserDefaultExampleUITests.swift */ = {isa = PBXFileReference; lastKnownFileType = sourcecode.swift; path = NSUserDefaultExampleUITests.swift; sourceTree = "<group>"; };
		6E387A881EE00BE900C463D2 /* Info.plist */ = {isa = PBXFileReference; lastKnownFileType = text.plist.xml; path = Info.plist; sourceTree = "<group>"; };
/* End PBXFileReference section */

/* Begin PBXFrameworksBuildPhase section */
		6E387A601EE00BE900C463D2 /* Frameworks */ = {
			isa = PBXFrameworksBuildPhase;
			buildActionMask = 2147483647;
			files = (
			);
			runOnlyForDeploymentPostprocessing = 0;
		};
		6E387A741EE00BE900C463D2 /* Frameworks */ = {
			isa = PBXFrameworksBuildPhase;
			buildActionMask = 2147483647;
			files = (
			);
			runOnlyForDeploymentPostprocessing = 0;
		};
		6E387A7F1EE00BE900C463D2 /* Frameworks */ = {
			isa = PBXFrameworksBuildPhase;
			buildActionMask = 2147483647;
			files = (
			);
			runOnlyForDeploymentPostprocessing = 0;
		};
/* End PBXFrameworksBuildPhase section */

/* Begin PBXGroup section */
		6E387A5A1EE00BE900C463D2 = {
			isa = PBXGroup;
			children = (
				6E387A651EE00BE900C463D2 /* NSUserDefaultExample */,
				6E387A7A1EE00BE900C463D2 /* NSUserDefaultExampleTests */,
				6E387A851EE00BE900C463D2 /* NSUserDefaultExampleUITests */,
				6E387A641EE00BE900C463D2 /* Products */,
			);
			sourceTree = "<group>";
		};
		6E387A641EE00BE900C463D2 /* Products */ = {
			isa = PBXGroup;
			children = (
				6E387A631EE00BE900C463D2 /* NSUserDefaultExample.app */,
				6E387A771EE00BE900C463D2 /* NSUserDefaultExampleTests.xctest */,
				6E387A821EE00BE900C463D2 /* NSUserDefaultExampleUITests.xctest */,
			);
			name = Products;
			sourceTree = "<group>";
		};
		6E387A651EE00BE900C463D2 /* NSUserDefaultExample */ = {
			isa = PBXGroup;
			children = (
				6E387A661EE00BE900C463D2 /* AppDelegate.swift */,
				6E387A681EE00BE900C463D2 /* ViewController.swift */,
				6E387A6A1EE00BE900C463D2 /* Main.storyboard */,
				6E387A6D1EE00BE900C463D2 /* Assets.xcassets */,
				6E387A6F1EE00BE900C463D2 /* LaunchScreen.storyboard */,
				6E387A721EE00BE900C463D2 /* Info.plist */,
			);
			path = NSUserDefaultExample;
			sourceTree = "<group>";
		};
		6E387A7A1EE00BE900C463D2 /* NSUserDefaultExampleTests */ = {
			isa = PBXGroup;
			children = (
				6E387A7B1EE00BE900C463D2 /* NSUserDefaultExampleTests.swift */,
				6E387A7D1EE00BE900C463D2 /* Info.plist */,
			);
			path = NSUserDefaultExampleTests;
			sourceTree = "<group>";
		};
		6E387A851EE00BE900C463D2 /* NSUserDefaultExampleUITests */ = {
			isa = PBXGroup;
			children = (
				6E387A861EE00BE900C463D2 /* NSUserDefaultExampleUITests.swift */,
				6E387A881EE00BE900C463D2 /* Info.plist */,
			);
			path = NSUserDefaultExampleUITests;
			sourceTree = "<group>";
		};
/* End PBXGroup section */

/* Begin PBXNativeTarget section */
		6E387A621EE00BE900C463D2 /* NSUserDefaultExample */ = {
			isa = PBXNativeTarget;
			buildConfigurationList = 6E387A8B1EE00BE900C463D2 /* Build configuration list for PBXNativeTarget "NSUserDefaultExample" */;
			buildPhases = (
				6E387A5F1EE00BE900C463D2 /* Sources */,
				6E387A601EE00BE900C463D2 /* Frameworks */,
				6E387A611EE00BE900C463D2 /* Resources */,
			);
			buildRules = (
			);
			dependencies = (
			);
			name = NSUserDefaultExample;
			productName = NSUserDefaultExample;
			productReference = 6E387A631EE00BE900C463D2 /* NSUserDefaultExample.app */;
			productType = "com.apple.product-type.application";
		};
		6E387A761EE00BE900C463D2 /* NSUserDefaultExampleTests */ = {
			isa = PBXNativeTarget;
			buildConfigurationList = 6E387A8E1EE00BE900C463D2 /* Build configuration list for PBXNativeTarget "NSUserDefaultExampleTests" */;
			buildPhases = (
				6E387A731EE00BE900C463D2 /* Sources */,
				6E387A741EE00BE900C463D2 /* Frameworks */,
				6E387A751EE00BE900C463D2 /* Resources */,
			);
			buildRules = (
			);
			dependencies = (
				6E387A791EE00BE900C463D2 /* PBXTargetDependency */,
			);
			name = NSUserDefaultExampleTests;
			productName = NSUserDefaultExampleTests;
			productReference = 6E387A771EE00BE900C463D2 /* NSUserDefaultExampleTests.xctest */;
			productType = "com.apple.product-type.bundle.unit-test";
		};
		6E387A811EE00BE900C463D2 /* NSUserDefaultExampleUITests */ = {
			isa = PBXNativeTarget;
			buildConfigurationList = 6E387A911EE00BE900C463D2 /* Build configuration list for PBXNativeTarget "NSUserDefaultExampleUITests" */;
			buildPhases = (
				6E387A7E1EE00BE900C463D2 /* Sources */,
				6E387A7F1EE00BE900C463D2 /* Frameworks */,
				6E387A801EE00BE900C463D2 /* Resources */,
			);
			buildRules = (
			);
			dependencies = (
				6E387A841EE00BE900C463D2 /* PBXTargetDependency */,
			);
			name = NSUserDefaultExampleUITests;
			productName = NSUserDefaultExampleUITests;
			productReference = 6E387A821EE00BE900C463D2 /* NSUserDefaultExampleUITests.xctest */;
			productType = "com.apple.product-type.bundle.ui-testing";
		};
/* End PBXNativeTarget section */

/* Begin PBXProject section */
		6E387A5B1EE00BE900C463D2 /* Project object */ = {
			isa = PBXProject;
			attributes = {
				LastSwiftUpdateCheck = 0830;
				LastUpgradeCheck = 0830;
				ORGANIZATIONNAME = "Zulwiyoza Putra";
				TargetAttributes = {
					6E387A621EE00BE900C463D2 = {
						CreatedOnToolsVersion = 8.3.2;
						DevelopmentTeam = 44VVQHZS45;
						ProvisioningStyle = Automatic;
					};
					6E387A761EE00BE900C463D2 = {
						CreatedOnToolsVersion = 8.3.2;
						DevelopmentTeam = 44VVQHZS45;
						ProvisioningStyle = Automatic;
						TestTargetID = 6E387A621EE00BE900C463D2;
					};
					6E387A811EE00BE900C463D2 = {
						CreatedOnToolsVersion = 8.3.2;
						DevelopmentTeam = 44VVQHZS45;
						ProvisioningStyle = Automatic;
						TestTargetID = 6E387A621EE00BE900C463D2;
					};
				};
			};
			buildConfigurationList = 6E387A5E1EE00BE900C463D2 /* Build configuration list for PBXProject "NSUserDefaultExample" */;
			compatibilityVersion = "Xcode 3.2";
			developmentRegion = English;
			hasScannedForEncodings = 0;
			knownRegions = (
				en,
				Base,
			);
			mainGroup = 6E387A5A1EE00BE900C463D2;
			productRefGroup = 6E387A641EE00BE900C463D2 /* Products */;
			projectDirPath = "";
			projectRoot = "";
			targets = (
				6E387A621EE00BE900C463D2 /* NSUserDefaultExample */,
				6E387A761EE00BE900C463D2 /* NSUserDefaultExampleTests */,
				6E387A811EE00BE900C463D2 /* NSUserDefaultExampleUITests */,
			);
		};
/* End PBXProject section */

/* Begin PBXResourcesBuildPhase section */
		6E387A611EE00BE900C463D2 /* Resources */ = {
			isa = PBXResourcesBuildPhase;
			buildActionMask = 2147483647;
			files = (
				6E387A711EE00BE900C463D2 /* LaunchScreen.storyboard in Resources */,
				6E387A6E1EE00BE900C463D2 /* Assets.xcassets in Resources */,
				6E387A6C1EE00BE900C463D2 /* Main.storyboard in Resources */,
			);
			runOnlyForDeploymentPostprocessing = 0;
		};
		6E387A751EE00BE900C463D2 /* Resources */ = {
			isa = PBXResourcesBuildPhase;
			buildActionMask = 2147483647;
			files = (
			);
			runOnlyForDeploymentPostprocessing = 0;
		};
		6E387A801EE00BE900C463D2 /* Resources */ = {
			isa = PBXResourcesBuildPhase;
			buildActionMask = 2147483647;
			files = (
			);
			runOnlyForDeploymentPostprocessing = 0;
		};
/* End PBXResourcesBuildPhase section */

/* Begin PBXSourcesBuildPhase section */
		6E387A5F1EE00BE900C463D2 /* Sources */ = {
			isa = PBXSourcesBuildPhase;
			buildActionMask = 2147483647;
			files = (
				6E387A691EE00BE900C463D2 /* ViewController.swift in Sources */,
				6E387A671EE00BE900C463D2 /* AppDelegate.swift in Sources */,
			);
			runOnlyForDeploymentPostprocessing = 0;
		};
		6E387A731EE00BE900C463D2 /* Sources */ = {
			isa = PBXSourcesBuildPhase;
			buildActionMask = 2147483647;
			files = (
				6E387A7C1EE00BE900C463D2 /* NSUserDefaultExampleTests.swift in Sources */,
			);
			runOnlyForDeploymentPostprocessing = 0;
		};
		6E387A7E1EE00BE900C463D2 /* Sources */ = {
			isa = PBXSourcesBuildPhase;
			buildActionMask = 2147483647;
			files = (
				6E387A871EE00BE900C463D2 /* NSUserDefaultExampleUITests.swift in Sources */,
			);
			runOnlyForDeploymentPostprocessing = 0;
		};
/* End PBXSourcesBuildPhase section */

/* Begin PBXTargetDependency section */
		6E387A791EE00BE900C463D2 /* PBXTargetDependency */ = {
			isa = PBXTargetDependency;
			target = 6E387A621EE00BE900C463D2 /* NSUserDefaultExample */;
			targetProxy = 6E387A781EE00BE900C463D2 /* PBXContainerItemProxy */;
		};
		6E387A841EE00BE900C463D2 /* PBXTargetDependency */ = {
			isa = PBXTargetDependency;
			target = 6E387A621EE00BE900C463D2 /* NSUserDefaultExample */;
			targetProxy = 6E387A831EE00BE900C463D2 /* PBXContainerItemProxy */;
		};
/* End PBXTargetDependency section */

/* Begin PBXVariantGroup section */
		6E387A6A1EE00BE900C463D2 /* Main.storyboard */ = {
			isa = PBXVariantGroup;
			children = (
				6E387A6B1EE00BE900C463D2 /* Base */,
			);
			name = Main.storyboard;
			sourceTree = "<group>";
		};
		6E387A6F1EE00BE900C463D2 /* LaunchScreen.storyboard */ = {
			isa = PBXVariantGroup;
			children = (
				6E387A701EE00BE900C463D2 /* Base */,
			);
			name = LaunchScreen.storyboard;
			sourceTree = "<group>";
		};
/* End PBXVariantGroup section */

/* Begin XCBuildConfiguration section */
		6E387A891EE00BE900C463D2 /* Debug */ = {
			isa = XCBuildConfiguration;
			buildSettings = {
				ALWAYS_SEARCH_USER_PATHS = NO;
				CLANG_ANALYZER_NONNULL = YES;
				CLANG_ANALYZER_NUMBER_OBJECT_CONVERSION = YES_AGGRESSIVE;
				CLANG_CXX_LANGUAGE_STANDARD = "gnu++0x";
				CLANG_CXX_LIBRARY = "libc++";
				CLANG_ENABLE_MODULES = YES;
				CLANG_ENABLE_OBJC_ARC = YES;
				CLANG_WARN_BOOL_CONVERSION = YES;
				CLANG_WARN_CONSTANT_CONVERSION = YES;
				CLANG_WARN_DIRECT_OBJC_ISA_USAGE = YES_ERROR;
				CLANG_WARN_DOCUMENTATION_COMMENTS = YES;
				CLANG_WARN_EMPTY_BODY = YES;
				CLANG_WARN_ENUM_CONVERSION = YES;
				CLANG_WARN_INFINITE_RECURSION = YES;
				CLANG_WARN_INT_CONVERSION = YES;
				CLANG_WARN_OBJC_ROOT_CLASS = YES_ERROR;
				CLANG_WARN_SUSPICIOUS_MOVE = YES;
				CLANG_WARN_UNREACHABLE_CODE = YES;
				CLANG_WARN__DUPLICATE_METHOD_MATCH = YES;
				"CODE_SIGN_IDENTITY[sdk=iphoneos*]" = "iPhone Developer";
				COPY_PHASE_STRIP = NO;
				DEBUG_INFORMATION_FORMAT = dwarf;
				ENABLE_STRICT_OBJC_MSGSEND = YES;
				ENABLE_TESTABILITY = YES;
				GCC_C_LANGUAGE_STANDARD = gnu99;
				GCC_DYNAMIC_NO_PIC = NO;
				GCC_NO_COMMON_BLOCKS = YES;
				GCC_OPTIMIZATION_LEVEL = 0;
				GCC_PREPROCESSOR_DEFINITIONS = (
					"DEBUG=1",
					"$(inherited)",
				);
				GCC_WARN_64_TO_32_BIT_CONVERSION = YES;
				GCC_WARN_ABOUT_RETURN_TYPE = YES_ERROR;
				GCC_WARN_UNDECLARED_SELECTOR = YES;
				GCC_WARN_UNINITIALIZED_AUTOS = YES_AGGRESSIVE;
				GCC_WARN_UNUSED_FUNCTION = YES;
				GCC_WARN_UNUSED_VARIABLE = YES;
				IPHONEOS_DEPLOYMENT_TARGET = 10.3;
				MTL_ENABLE_DEBUG_INFO = YES;
				ONLY_ACTIVE_ARCH = YES;
				SDKROOT = iphoneos;
				SWIFT_ACTIVE_COMPILATION_CONDITIONS = DEBUG;
				SWIFT_OPTIMIZATION_LEVEL = "-Onone";
			};
			name = Debug;
		};
		6E387A8A1EE00BE900C463D2 /* Release */ = {
			isa = XCBuildConfiguration;
			buildSettings = {
				ALWAYS_SEARCH_USER_PATHS = NO;
				CLANG_ANALYZER_NONNULL = YES;
				CLANG_ANALYZER_NUMBER_OBJECT_CONVERSION = YES_AGGRESSIVE;
				CLANG_CXX_LANGUAGE_STANDARD = "gnu++0x";
				CLANG_CXX_LIBRARY = "libc++";
				CLANG_ENABLE_MODULES = YES;
				CLANG_ENABLE_OBJC_ARC = YES;
				CLANG_WARN_BOOL_CONVERSION = YES;
				CLANG_WARN_CONSTANT_CONVERSION = YES;
				CLANG_WARN_DIRECT_OBJC_ISA_USAGE = YES_ERROR;
				CLANG_WARN_DOCUMENTATION_COMMENTS = YES;
				CLANG_WARN_EMPTY_BODY = YES;
				CLANG_WARN_ENUM_CONVERSION = YES;
				CLANG_WARN_INFINITE_RECURSION = YES;
				CLANG_WARN_INT_CONVERSION = YES;
				CLANG_WARN_OBJC_ROOT_CLASS = YES_ERROR;
				CLANG_WARN_SUSPICIOUS_MOVE = YES;
				CLANG_WARN_UNREACHABLE_CODE = YES;
				CLANG_WARN__DUPLICATE_METHOD_MATCH = YES;
				"CODE_SIGN_IDENTITY[sdk=iphoneos*]" = "iPhone Developer";
				COPY_PHASE_STRIP = NO;
				DEBUG_INFORMATION_FORMAT = "dwarf-with-dsym";
				ENABLE_NS_ASSERTIONS = NO;
				ENABLE_STRICT_OBJC_MSGSEND = YES;
				GCC_C_LANGUAGE_STANDARD = gnu99;
				GCC_NO_COMMON_BLOCKS = YES;
				GCC_WARN_64_TO_32_BIT_CONVERSION = YES;
				GCC_WARN_ABOUT_RETURN_TYPE = YES_ERROR;
				GCC_WARN_UNDECLARED_SELECTOR = YES;
				GCC_WARN_UNINITIALIZED_AUTOS = YES_AGGRESSIVE;
				GCC_WARN_UNUSED_FUNCTION = YES;
				GCC_WARN_UNUSED_VARIABLE = YES;
				IPHONEOS_DEPLOYMENT_TARGET = 10.3;
				MTL_ENABLE_DEBUG_INFO = NO;
				SDKROOT = iphoneos;
				SWIFT_OPTIMIZATION_LEVEL = "-Owholemodule";
				VALIDATE_PRODUCT = YES;
			};
			name = Release;
		};
		6E387A8C1EE00BE900C463D2 /* Debug */ = {
			isa = XCBuildConfiguration;
			buildSettings = {
				ASSETCATALOG_COMPILER_APPICON_NAME = AppIcon;
				DEVELOPMENT_TEAM = 44VVQHZS45;
				INFOPLIST_FILE = NSUserDefaultExample/Info.plist;
				LD_RUNPATH_SEARCH_PATHS = "$(inherited) @executable_path/Frameworks";
				PRODUCT_BUNDLE_IDENTIFIER = com.zulwiyozaputra.NSUserDefaultExample;
				PRODUCT_NAME = "$(TARGET_NAME)";
				SWIFT_VERSION = 3.0;
			};
			name = Debug;
		};
		6E387A8D1EE00BE900C463D2 /* Release */ = {
			isa = XCBuildConfiguration;
			buildSettings = {
				ASSETCATALOG_COMPILER_APPICON_NAME = AppIcon;
				DEVELOPMENT_TEAM = 44VVQHZS45;
				INFOPLIST_FILE = NSUserDefaultExample/Info.plist;
				LD_RUNPATH_SEARCH_PATHS = "$(inherited) @executable_path/Frameworks";
				PRODUCT_BUNDLE_IDENTIFIER = com.zulwiyozaputra.NSUserDefaultExample;
				PRODUCT_NAME = "$(TARGET_NAME)";
				SWIFT_VERSION = 3.0;
			};
			name = Release;
		};
		6E387A8F1EE00BE900C463D2 /* Debug */ = {
			isa = XCBuildConfiguration;
			buildSettings = {
				ALWAYS_EMBED_SWIFT_STANDARD_LIBRARIES = YES;
				BUNDLE_LOADER = "$(TEST_HOST)";
				DEVELOPMENT_TEAM = 44VVQHZS45;
				INFOPLIST_FILE = NSUserDefaultExampleTests/Info.plist;
				LD_RUNPATH_SEARCH_PATHS = "$(inherited) @executable_path/Frameworks @loader_path/Frameworks";
				PRODUCT_BUNDLE_IDENTIFIER = com.zulwiyozaputra.NSUserDefaultExampleTests;
				PRODUCT_NAME = "$(TARGET_NAME)";
				SWIFT_VERSION = 3.0;
				TEST_HOST = "$(BUILT_PRODUCTS_DIR)/NSUserDefaultExample.app/NSUserDefaultExample";
			};
			name = Debug;
		};
		6E387A901EE00BE900C463D2 /* Release */ = {
			isa = XCBuildConfiguration;
			buildSettings = {
				ALWAYS_EMBED_SWIFT_STANDARD_LIBRARIES = YES;
				BUNDLE_LOADER = "$(TEST_HOST)";
				DEVELOPMENT_TEAM = 44VVQHZS45;
				INFOPLIST_FILE = NSUserDefaultExampleTests/Info.plist;
				LD_RUNPATH_SEARCH_PATHS = "$(inherited) @executable_path/Frameworks @loader_path/Frameworks";
				PRODUCT_BUNDLE_IDENTIFIER = com.zulwiyozaputra.NSUserDefaultExampleTests;
				PRODUCT_NAME = "$(TARGET_NAME)";
				SWIFT_VERSION = 3.0;
				TEST_HOST = "$(BUILT_PRODUCTS_DIR)/NSUserDefaultExample.app/NSUserDefaultExample";
			};
			name = Release;
		};
		6E387A921EE00BE900C463D2 /* Debug */ = {
			isa = XCBuildConfiguration;
			buildSettings = {
				ALWAYS_EMBED_SWIFT_STANDARD_LIBRARIES = YES;
				DEVELOPMENT_TEAM = 44VVQHZS45;
				INFOPLIST_FILE = NSUserDefaultExampleUITests/Info.plist;
				LD_RUNPATH_SEARCH_PATHS = "$(inherited) @executable_path/Frameworks @loader_path/Frameworks";
				PRODUCT_BUNDLE_IDENTIFIER = com.zulwiyozaputra.NSUserDefaultExampleUITests;
				PRODUCT_NAME = "$(TARGET_NAME)";
				SWIFT_VERSION = 3.0;
				TEST_TARGET_NAME = NSUserDefaultExample;
			};
			name = Debug;
		};
		6E387A931EE00BE900C463D2 /* Release */ = {
			isa = XCBuildConfiguration;
			buildSettings = {
				ALWAYS_EMBED_SWIFT_STANDARD_LIBRARIES = YES;
				DEVELOPMENT_TEAM = 44VVQHZS45;
				INFOPLIST_FILE = NSUserDefaultExampleUITests/Info.plist;
				LD_RUNPATH_SEARCH_PATHS = "$(inherited) @executable_path/Frameworks @loader_path/Frameworks";
				PRODUCT_BUNDLE_IDENTIFIER = com.zulwiyozaputra.NSUserDefaultExampleUITests;
				PRODUCT_NAME = "$(TARGET_NAME)";
				SWIFT_VERSION = 3.0;
				TEST_TARGET_NAME = NSUserDefaultExample;
			};
			name = Release;
		};
/* End XCBuildConfiguration section */

/* Begin XCConfigurationList section */
		6E387A5E1EE00BE900C463D2 /* Build configuration list for PBXProject "NSUserDefaultExample" */ = {
			isa = XCConfigurationList;
			buildConfigurations = (
				6E387A891EE00BE900C463D2 /* Debug */,
				6E387A8A1EE00BE900C463D2 /* Release */,
			);
			defaultConfigurationIsVisible = 0;
			defaultConfigurationName = Release;
		};
		6E387A8B1EE00BE900C463D2 /* Build configuration list for PBXNativeTarget "NSUserDefaultExample" */ = {
			isa = XCConfigurationList;
			buildConfigurations = (
				6E387A8C1EE00BE900C463D2 /* Debug */,
				6E387A8D1EE00BE900C463D2 /* Release */,
			);
			defaultConfigurationIsVisible = 0;
		};
		6E387A8E1EE00BE900C463D2 /* Build configuration list for PBXNativeTarget "NSUserDefaultExampleTests" */ = {
			isa = XCConfigurationList;
			buildConfigurations = (
				6E387A8F1EE00BE900C463D2 /* Debug */,
				6E387A901EE00BE900C463D2 /* Release */,
			);
			defaultConfigurationIsVisible = 0;
		};
		6E387A911EE00BE900C463D2 /* Build configuration list for PBXNativeTarget "NSUserDefaultExampleUITests" */ = {
			isa = XCConfigurationList;
			buildConfigurations = (
				6E387A921EE00BE900C463D2 /* Debug */,
				6E387A931EE00BE900C463D2 /* Release */,
			);
			defaultConfigurationIsVisible = 0;
		};
/* End XCConfigurationList section */
	};
	rootObject = 6E387A5B1EE00BE900C463D2 /* Project object */;
}
